
Microsoft Visual Studio Solution File, Format Version 12.00
# Visual Studio 2013
VisualStudioVersion = 12.0.21005.1
MinimumVisualStudioVersion = 10.0.40219.1
Project("{FAE04EC0-301F-11D3-BF4B-00C04F79EFBC}") = "ToDoList", "ToDoList\ToDoList.csproj", "{D54D709A-B78C-462A-9B71-9148B812009D}"
EndProject
Project("{FAE04EC0-301F-11D3-BF4B-00C04F79EFBC}") = "ToDoList.Tests", "ToDoList.Tests\ToDoList.Tests.csproj", "{312B9BE3-BA35-40FC-A1F2-0243F8CE7FF4}"
EndProject
Global
	GlobalSection(SolutionConfigurationPlatforms) = preSolution
		Debug|Any CPU = Debug|Any CPU
		Release|Any CPU = Release|Any CPU
	EndGlobalSection
	GlobalSection(ProjectConfigurationPlatforms) = postSolution
		{D54D709A-B78C-462A-9B71-9148B812009D}.Debug|Any CPU.ActiveCfg = Debug|Any CPU
		{D54D709A-B78C-462A-9B71-9148B812009D}.Debug|Any CPU.Build.0 = Debug|Any CPU
		{D54D709A-B78C-462A-9B71-9148B812009D}.Release|Any CPU.ActiveCfg = Release|Any CPU
		{D54D709A-B78C-462A-9B71-9148B812009D}.Release|Any CPU.Build.0 = Release|Any CPU
		{312B9BE3-BA35-40FC-A1F2-0243F8CE7FF4}.Debug|Any CPU.ActiveCfg = Debug|Any CPU
		{312B9BE3-BA35-40FC-A1F2-0243F8CE7FF4}.Debug|Any CPU.Build.0 = Debug|Any CPU
		{312B9BE3-BA35-40FC-A1F2-0243F8CE7FF4}.Release|Any CPU.ActiveCfg = Release|Any CPU
		{312B9BE3-BA35-40FC-A1F2-0243F8CE7FF4}.Release|Any CPU.Build.0 = Release|Any CPU
	EndGlobalSection
	GlobalSection(SolutionProperties) = preSolution
		HideSolutionNode = FALSE
	EndGlobalSection
EndGlobal
